
Microsoft Visual Studio Solution File, Format Version 12.00
# Visual Studio Version 17
VisualStudioVersion = 17.5.2.0
MinimumVisualStudioVersion = 10.0.40219.1
Project("{FAE04EC0-301F-11D3-BF4B-00C04F79EFBC}") = "EmployeeServiceAPI", "EmployeeServiceAPI.csproj", "{65FCBCA4-FE08-5E5C-D6C8-32029054FDCF}"
EndProject
Global
	GlobalSection(SolutionConfigurationPlatforms) = preSolution
		Debug|Any CPU = Debug|Any CPU
		Debug|x64 = Debug|x64
		Debug|x86 = Debug|x86
		Release|Any CPU = Release|Any CPU
		Release|x64 = Release|x64
		Release|x86 = Release|x86
	EndGlobalSection
	GlobalSection(ProjectConfigurationPlatforms) = postSolution
		{65FCBCA4-FE08-5E5C-D6C8-32029054FDCF}.Debug|Any CPU.ActiveCfg = Debug|Any CPU
		{65FCBCA4-FE08-5E5C-D6C8-32029054FDCF}.Debug|Any CPU.Build.0 = Debug|Any CPU
		{65FCBCA4-FE08-5E5C-D6C8-32029054FDCF}.Debug|x64.ActiveCfg = Debug|Any CPU
		{65FCBCA4-FE08-5E5C-D6C8-32029054FDCF}.Debug|x64.Build.0 = Debug|Any CPU
		{65FCBCA4-FE08-5E5C-D6C8-32029054FDCF}.Debug|x86.ActiveCfg = Debug|Any CPU
		{65FCBCA4-FE08-5E5C-D6C8-32029054FDCF}.Debug|x86.Build.0 = Debug|Any CPU
		{65FCBCA4-FE08-5E5C-D6C8-32029054FDCF}.Release|Any CPU.ActiveCfg = Release|Any CPU
		{65FCBCA4-FE08-5E5C-D6C8-32029054FDCF}.Release|Any CPU.Build.0 = Release|Any CPU
		{65FCBCA4-FE08-5E5C-D6C8-32029054FDCF}.Release|x64.ActiveCfg = Release|Any CPU
		{65FCBCA4-FE08-5E5C-D6C8-32029054FDCF}.Release|x64.Build.0 = Release|Any CPU
		{65FCBCA4-FE08-5E5C-D6C8-32029054FDCF}.Release|x86.ActiveCfg = Release|Any CPU
		{65FCBCA4-FE08-5E5C-D6C8-32029054FDCF}.Release|x86.Build.0 = Release|Any CPU
	EndGlobalSection
	GlobalSection(SolutionProperties) = preSolution
		HideSolutionNode = FALSE
	EndGlobalSection
	GlobalSection(ExtensibilityGlobals) = postSolution
		SolutionGuid = {AC83BE30-7A2C-47F4-BF30-E4D6BE844A6B}
	EndGlobalSection
EndGlobal
